
Microsoft Visual Studio Solution File, Format Version 12.00
# Visual Studio Version 17
VisualStudioVersion = 17.5.002.0
MinimumVisualStudioVersion = 10.0.40219.1
Project("{9A19103F-16F7-4668-BE54-9A1E7A4F7556}") = "Task1", "Task1\Task1.csproj", "{C2F0B9C7-2417-41EE-8D69-FB3062A270DE}"
EndProject
Project("{9A19103F-16F7-4668-BE54-9A1E7A4F7556}") = "Task2", "Task2\Task2.csproj", "{2DE41794-71A4-454F-8979-BD6FEE5428A6}"
EndProject
Project("{9A19103F-16F7-4668-BE54-9A1E7A4F7556}") = "Task3", "Task3\Task3.csproj", "{4A899BA2-3A60-430D-B1A9-ABAEE5A28043}"
EndProject
Project("{9A19103F-16F7-4668-BE54-9A1E7A4F7556}") = "Task4", "Task4\Task4.csproj", "{23FFF438-F5AA-4BD2-8D86-10F52F983560}"
EndProject
Project("{9A19103F-16F7-4668-BE54-9A1E7A4F7556}") = "Task5", "Task5\Task5.csproj", "{9F40E9EA-3709-4A3D-9E2F-B2BCF6AC2C27}"
EndProject
Global
	GlobalSection(SolutionConfigurationPlatforms) = preSolution
		Debug|Any CPU = Debug|Any CPU
		Release|Any CPU = Release|Any CPU
	EndGlobalSection
	GlobalSection(ProjectConfigurationPlatforms) = postSolution
		{C2F0B9C7-2417-41EE-8D69-FB3062A270DE}.Debug|Any CPU.ActiveCfg = Debug|Any CPU
		{C2F0B9C7-2417-41EE-8D69-FB3062A270DE}.Debug|Any CPU.Build.0 = Debug|Any CPU
		{C2F0B9C7-2417-41EE-8D69-FB3062A270DE}.Release|Any CPU.ActiveCfg = Release|Any CPU
		{C2F0B9C7-2417-41EE-8D69-FB3062A270DE}.Release|Any CPU.Build.0 = Release|Any CPU
		{2DE41794-71A4-454F-8979-BD6FEE5428A6}.Debug|Any CPU.ActiveCfg = Debug|Any CPU
		{2DE41794-71A4-454F-8979-BD6FEE5428A6}.Debug|Any CPU.Build.0 = Debug|Any CPU
		{2DE41794-71A4-454F-8979-BD6FEE5428A6}.Release|Any CPU.ActiveCfg = Release|Any CPU
		{2DE41794-71A4-454F-8979-BD6FEE5428A6}.Release|Any CPU.Build.0 = Release|Any CPU
		{4A899BA2-3A60-430D-B1A9-ABAEE5A28043}.Debug|Any CPU.ActiveCfg = Debug|Any CPU
		{4A899BA2-3A60-430D-B1A9-ABAEE5A28043}.Debug|Any CPU.Build.0 = Debug|Any CPU
		{4A899BA2-3A60-430D-B1A9-ABAEE5A28043}.Release|Any CPU.ActiveCfg = Release|Any CPU
		{4A899BA2-3A60-430D-B1A9-ABAEE5A28043}.Release|Any CPU.Build.0 = Release|Any CPU
		{23FFF438-F5AA-4BD2-8D86-10F52F983560}.Debug|Any CPU.ActiveCfg = Debug|Any CPU
		{23FFF438-F5AA-4BD2-8D86-10F52F983560}.Debug|Any CPU.Build.0 = Debug|Any CPU
		{23FFF438-F5AA-4BD2-8D86-10F52F983560}.Release|Any CPU.ActiveCfg = Release|Any CPU
		{23FFF438-F5AA-4BD2-8D86-10F52F983560}.Release|Any CPU.Build.0 = Release|Any CPU
		{9F40E9EA-3709-4A3D-9E2F-B2BCF6AC2C27}.Debug|Any CPU.ActiveCfg = Debug|Any CPU
		{9F40E9EA-3709-4A3D-9E2F-B2BCF6AC2C27}.Debug|Any CPU.Build.0 = Debug|Any CPU
		{9F40E9EA-3709-4A3D-9E2F-B2BCF6AC2C27}.Release|Any CPU.ActiveCfg = Release|Any CPU
		{9F40E9EA-3709-4A3D-9E2F-B2BCF6AC2C27}.Release|Any CPU.Build.0 = Release|Any CPU
	EndGlobalSection
	GlobalSection(SolutionProperties) = preSolution
		HideSolutionNode = FALSE
	EndGlobalSection
	GlobalSection(ExtensibilityGlobals) = postSolution
		SolutionGuid = {6D4ABA27-891C-4567-9A14-4206ADC5C44E}
	EndGlobalSection
EndGlobal
